
Microsoft Visual Studio Solution File, Format Version 12.00
# Visual Studio Version 17
VisualStudioVersion = 17.14.36429.23 d17.14
MinimumVisualStudioVersion = 10.0.40219.1
Project("{FAE04EC0-301F-11D3-BF4B-00C04F79EFBC}") = "EmailAndMessageRec", "EmailAndMessageRec\EmailAndMessageRec.csproj", "{F94F4810-A07E-4C99-8289-29918CA5EB9D}"
EndProject
Global
	GlobalSection(SolutionConfigurationPlatforms) = preSolution
		Debug|Any CPU = Debug|Any CPU
		Release|Any CPU = Release|Any CPU
	EndGlobalSection
	GlobalSection(ProjectConfigurationPlatforms) = postSolution
		{F94F4810-A07E-4C99-8289-29918CA5EB9D}.Debug|Any CPU.ActiveCfg = Debug|Any CPU
		{F94F4810-A07E-4C99-8289-29918CA5EB9D}.Debug|Any CPU.Build.0 = Debug|Any CPU
		{F94F4810-A07E-4C99-8289-29918CA5EB9D}.Release|Any CPU.ActiveCfg = Release|Any CPU
		{F94F4810-A07E-4C99-8289-29918CA5EB9D}.Release|Any CPU.Build.0 = Release|Any CPU
	EndGlobalSection
	GlobalSection(SolutionProperties) = preSolution
		HideSolutionNode = FALSE
	EndGlobalSection
	GlobalSection(ExtensibilityGlobals) = postSolution
		SolutionGuid = {91B39180-6A27-4711-BE41-DFA77689A916}
	EndGlobalSection
EndGlobal
